
Microsoft Visual Studio Solution File, Format Version 12.00
# Visual Studio Version 17
VisualStudioVersion = 17.8.34309.116
MinimumVisualStudioVersion = 10.0.40219.1
Project("{9A19103F-16F7-4668-BE54-9A1E7A4F7556}") = "Resources", "Resources\Resources.csproj", "{85BED30B-C741-4A8D-9053-394813CEE973}"
EndProject
Project("{9A19103F-16F7-4668-BE54-9A1E7A4F7556}") = "UnitOfWork", "UnitOfWork\UnitOfWork.csproj", "{01095BD4-B350-471E-BA65-C72F935BD9C9}"
EndProject
Project("{9A19103F-16F7-4668-BE54-9A1E7A4F7556}") = "ViewModels", "ViewModels\ViewModels.csproj", "{0C574B8E-22D8-4628-BC40-AAF0CBD78CAB}"
EndProject
Project("{9A19103F-16F7-4668-BE54-9A1E7A4F7556}") = "Models", "Models\Models.csproj", "{EA840A12-F445-4451-AA69-123CD850E722}"
EndProject
Project("{FAE04EC0-301F-11D3-BF4B-00C04F79EFBC}") = "Divar.TestProj", "Divar.TestProj\Divar.TestProj.csproj", "{DFE20362-AA83-48FA-BFFC-5648DE858650}"
EndProject
Project("{FAE04EC0-301F-11D3-BF4B-00C04F79EFBC}") = "Divar.ServerSide", "Divar.ServerSide\Divar.ServerSide.csproj", "{9FDEB4FB-5AAB-4E49-93AB-0F1DCF2A6AC3}"
EndProject
Global
	GlobalSection(SolutionConfigurationPlatforms) = preSolution
		Debug|Any CPU = Debug|Any CPU
		Release|Any CPU = Release|Any CPU
	EndGlobalSection
	GlobalSection(ProjectConfigurationPlatforms) = postSolution
		{85BED30B-C741-4A8D-9053-394813CEE973}.Debug|Any CPU.ActiveCfg = Debug|Any CPU
		{85BED30B-C741-4A8D-9053-394813CEE973}.Debug|Any CPU.Build.0 = Debug|Any CPU
		{85BED30B-C741-4A8D-9053-394813CEE973}.Release|Any CPU.ActiveCfg = Release|Any CPU
		{85BED30B-C741-4A8D-9053-394813CEE973}.Release|Any CPU.Build.0 = Release|Any CPU
		{01095BD4-B350-471E-BA65-C72F935BD9C9}.Debug|Any CPU.ActiveCfg = Debug|Any CPU
		{01095BD4-B350-471E-BA65-C72F935BD9C9}.Debug|Any CPU.Build.0 = Debug|Any CPU
		{01095BD4-B350-471E-BA65-C72F935BD9C9}.Release|Any CPU.ActiveCfg = Release|Any CPU
		{01095BD4-B350-471E-BA65-C72F935BD9C9}.Release|Any CPU.Build.0 = Release|Any CPU
		{0C574B8E-22D8-4628-BC40-AAF0CBD78CAB}.Debug|Any CPU.ActiveCfg = Debug|Any CPU
		{0C574B8E-22D8-4628-BC40-AAF0CBD78CAB}.Debug|Any CPU.Build.0 = Debug|Any CPU
		{0C574B8E-22D8-4628-BC40-AAF0CBD78CAB}.Release|Any CPU.ActiveCfg = Release|Any CPU
		{0C574B8E-22D8-4628-BC40-AAF0CBD78CAB}.Release|Any CPU.Build.0 = Release|Any CPU
		{EA840A12-F445-4451-AA69-123CD850E722}.Debug|Any CPU.ActiveCfg = Debug|Any CPU
		{EA840A12-F445-4451-AA69-123CD850E722}.Debug|Any CPU.Build.0 = Debug|Any CPU
		{EA840A12-F445-4451-AA69-123CD850E722}.Release|Any CPU.ActiveCfg = Release|Any CPU
		{EA840A12-F445-4451-AA69-123CD850E722}.Release|Any CPU.Build.0 = Release|Any CPU
		{DFE20362-AA83-48FA-BFFC-5648DE858650}.Debug|Any CPU.ActiveCfg = Debug|Any CPU
		{DFE20362-AA83-48FA-BFFC-5648DE858650}.Debug|Any CPU.Build.0 = Debug|Any CPU
		{DFE20362-AA83-48FA-BFFC-5648DE858650}.Release|Any CPU.ActiveCfg = Release|Any CPU
		{DFE20362-AA83-48FA-BFFC-5648DE858650}.Release|Any CPU.Build.0 = Release|Any CPU
		{9FDEB4FB-5AAB-4E49-93AB-0F1DCF2A6AC3}.Debug|Any CPU.ActiveCfg = Debug|Any CPU
		{9FDEB4FB-5AAB-4E49-93AB-0F1DCF2A6AC3}.Debug|Any CPU.Build.0 = Debug|Any CPU
		{9FDEB4FB-5AAB-4E49-93AB-0F1DCF2A6AC3}.Release|Any CPU.ActiveCfg = Release|Any CPU
		{9FDEB4FB-5AAB-4E49-93AB-0F1DCF2A6AC3}.Release|Any CPU.Build.0 = Release|Any CPU
	EndGlobalSection
	GlobalSection(SolutionProperties) = preSolution
		HideSolutionNode = FALSE
	EndGlobalSection
	GlobalSection(ExtensibilityGlobals) = postSolution
		SolutionGuid = {D5D1CE88-6A02-4A84-B7AD-A7F07DB37990}
	EndGlobalSection
EndGlobal
